// !$*UTF8*$!
{
	archiveVersion = 1;
	classes = {
	};
	objectVersion = 46;
	objects = {

/* Begin PBXBuildFile section */
		F8196A3916DE1ECD00FBCCDC /* appicon.png in Resources */ = {isa = PBXBuildFile; fileRef = F8196A3816DE1ECD00FBCCDC /* appicon.png */; };
		F8196A3B16DE1ED400FBCCDC /* appicon@2x.png in Resources */ = {isa = PBXBuildFile; fileRef = F8196A3A16DE1ED400FBCCDC /* appicon@2x.png */; };
		F850A47816D4D11A00F05AD7 /* Loader.m in Sources */ = {isa = PBXBuildFile; fileRef = F850A47616D4D11A00F05AD7 /* Loader.m */; };
		F850A47916D4D11A00F05AD7 /* Loader.xib in Resources */ = {isa = PBXBuildFile; fileRef = F850A47716D4D11A00F05AD7 /* Loader.xib */; };
		F899D32716CA40280058913E /* UIKit.framework in Frameworks */ = {isa = PBXBuildFile; fileRef = F899D32616CA40280058913E /* UIKit.framework */; };
		F899D32B16CA40280058913E /* CoreGraphics.framework in Frameworks */ = {isa = PBXBuildFile; fileRef = F899D32A16CA40280058913E /* CoreGraphics.framework */; };
		F899D33116CA40280058913E /* InfoPlist.strings in Resources */ = {isa = PBXBuildFile; fileRef = F899D32F16CA40280058913E /* InfoPlist.strings */; };
		F899D33316CA40280058913E /* main.m in Sources */ = {isa = PBXBuildFile; fileRef = F899D33216CA40280058913E /* main.m */; };
		F899D33716CA40280058913E /* AppDelegate.m in Sources */ = {isa = PBXBuildFile; fileRef = F899D33616CA40280058913E /* AppDelegate.m */; };
		F899D34D16CA40570058913E /* AudioToolbox.framework in Frameworks */ = {isa = PBXBuildFile; fileRef = F899D34C16CA40570058913E /* AudioToolbox.framework */; };
		F899D34F16CA40710058913E /* CFNetwork.framework in Frameworks */ = {isa = PBXBuildFile; fileRef = F899D34E16CA40710058913E /* CFNetwork.framework */; };
		F899D36116CA4AFD0058913E /* Stop.png in Resources */ = {isa = PBXBuildFile; fileRef = F899D35B16CA4AFD0058913E /* Stop.png */; };
		F899D36216CA4AFD0058913E /* Stop@2x.png in Resources */ = {isa = PBXBuildFile; fileRef = F899D35C16CA4AFD0058913E /* Stop@2x.png */; };
		F899D36416CA4FF70058913E /* MediaPlayer.framework in Frameworks */ = {isa = PBXBuildFile; fileRef = F899D36316CA4FF70058913E /* MediaPlayer.framework */; };
		F899D36916CA53D50058913E /* FacebookViewController.m in Sources */ = {isa = PBXBuildFile; fileRef = F899D36716CA53D50058913E /* FacebookViewController.m */; };
		F899D36A16CA53D50058913E /* FacebookViewController.xib in Resources */ = {isa = PBXBuildFile; fileRef = F899D36816CA53D50058913E /* FacebookViewController.xib */; };
		F899D36E16CA5BB80058913E /* AVFoundation.framework in Frameworks */ = {isa = PBXBuildFile; fileRef = F899D36D16CA5BB80058913E /* AVFoundation.framework */; };
		F899D37016CA62530058913E /* CoreFoundation.framework in Frameworks */ = {isa = PBXBuildFile; fileRef = F899D36F16CA62530058913E /* CoreFoundation.framework */; };
		F899D37116CA64420058913E /* Foundation.framework in Frameworks */ = {isa = PBXBuildFile; fileRef = F899D32816CA40280058913E /* Foundation.framework */; };
		F899D37316CA655A0058913E /* CoreMedia.framework in Frameworks */ = {isa = PBXBuildFile; fileRef = F899D37216CA655A0058913E /* CoreMedia.framework */; };
		F899D37F16CA6EFC0058913E /* ContactViewController.m in Sources */ = {isa = PBXBuildFile; fileRef = F899D37D16CA6EFC0058913E /* ContactViewController.m */; };
		F899D38016CA6EFC0058913E /* ContactViewController.xib in Resources */ = {isa = PBXBuildFile; fileRef = F899D37E16CA6EFC0058913E /* ContactViewController.xib */; };
		F89B6DA216DB417700B88241 /* Reachability.m in Sources */ = {isa = PBXBuildFile; fileRef = F89B6D9F16DB417700B88241 /* Reachability.m */; settings = {COMPILER_FLAGS = "-fno-objc-arc"; }; };
		F89B6DA316DB417700B88241 /* ReachabilityAppDelegate.m in Sources */ = {isa = PBXBuildFile; fileRef = F89B6DA116DB417700B88241 /* ReachabilityAppDelegate.m */; settings = {COMPILER_FLAGS = "-fno-objc-arc"; }; };
		F89B6DAE16DB42BC00B88241 /* SystemConfiguration.framework in Frameworks */ = {isa = PBXBuildFile; fileRef = F89B6DAD16DB42BC00B88241 /* SystemConfiguration.framework */; };
		F89DFDD816D3A08500C6FA04 /* Default-568h@2x.png in Resources */ = {isa = PBXBuildFile; fileRef = F89DFDD716D3A08500C6FA04 /* Default-568h@2x.png */; };
		F89DFDEF16D3BA6700C6FA04 /* ViewController.m in Sources */ = {isa = PBXBuildFile; fileRef = F89DFDED16D3BA6700C6FA04 /* ViewController.m */; };
		F89DFDF016D3BA6700C6FA04 /* ViewController.xib in Resources */ = {isa = PBXBuildFile; fileRef = F89DFDEE16D3BA6700C6FA04 /* ViewController.xib */; };
		F89DFE3516D3D57D00C6FA04 /* button.png in Resources */ = {isa = PBXBuildFile; fileRef = F89DFE3316D3D57D00C6FA04 /* button.png */; };
		F89DFE3616D3D57D00C6FA04 /* button@2x.png in Resources */ = {isa = PBXBuildFile; fileRef = F89DFE3416D3D57D00C6FA04 /* button@2x.png */; };
		F8BC742B16DF502500C6A75A /* Contacts-568h@2x.png in Resources */ = {isa = PBXBuildFile; fileRef = F8BC742816DF502500C6A75A /* Contacts-568h@2x.png */; };
		F8BC742C16DF502500C6A75A /* Contacts.png in Resources */ = {isa = PBXBuildFile; fileRef = F8BC742916DF502500C6A75A /* Contacts.png */; };
		F8BC742D16DF502500C6A75A /* Contacts@2x.png in Resources */ = {isa = PBXBuildFile; fileRef = F8BC742A16DF502500C6A75A /* Contacts@2x.png */; };
		F8DC3D9A16CD23A8009F72BE /* Default.png in Resources */ = {isa = PBXBuildFile; fileRef = F8DC3D9816CD23A8009F72BE /* Default.png */; };
		F8DC3D9B16CD23A8009F72BE /* Default@2x.png in Resources */ = {isa = PBXBuildFile; fileRef = F8DC3D9916CD23A8009F72BE /* Default@2x.png */; };
		F8DC3D9E16CD25F4009F72BE /* Play.png in Resources */ = {isa = PBXBuildFile; fileRef = F8DC3D9C16CD25F4009F72BE /* Play.png */; };
		F8DC3D9F16CD25F4009F72BE /* Play@2x.png in Resources */ = {isa = PBXBuildFile; fileRef = F8DC3D9D16CD25F4009F72BE /* Play@2x.png */; };
/* End PBXBuildFile section */

/* Begin PBXFileReference section */
		F8196A3816DE1ECD00FBCCDC /* appicon.png */ = {isa = PBXFileReference; lastKnownFileType = image.png; name = appicon.png; path = ../appicon.png; sourceTree = "<group>"; };
		F8196A3A16DE1ED400FBCCDC /* appicon@2x.png */ = {isa = PBXFileReference; lastKnownFileType = image.png; name = "appicon@2x.png"; path = "../appicon@2x.png"; sourceTree = "<group>"; };
		F850A47516D4D11A00F05AD7 /* Loader.h */ = {isa = PBXFileReference; fileEncoding = 4; lastKnownFileType = sourcecode.c.h; path = Loader.h; sourceTree = "<group>"; };
		F850A47616D4D11A00F05AD7 /* Loader.m */ = {isa = PBXFileReference; fileEncoding = 4; lastKnownFileType = sourcecode.c.objc; path = Loader.m; sourceTree = "<group>"; };
		F850A47716D4D11A00F05AD7 /* Loader.xib */ = {isa = PBXFileReference; fileEncoding = 4; lastKnownFileType = file.xib; path = Loader.xib; sourceTree = "<group>"; };
		F899D32216CA40280058913E /* fmApp.app */ = {isa = PBXFileReference; explicitFileType = wrapper.application; includeInIndex = 0; path = fmApp.app; sourceTree = BUILT_PRODUCTS_DIR; };
		F899D32616CA40280058913E /* UIKit.framework */ = {isa = PBXFileReference; lastKnownFileType = wrapper.framework; name = UIKit.framework; path = System/Library/Frameworks/UIKit.framework; sourceTree = SDKROOT; };
		F899D32816CA40280058913E /* Foundation.framework */ = {isa = PBXFileReference; lastKnownFileType = wrapper.framework; name = Foundation.framework; path = System/Library/Frameworks/Foundation.framework; sourceTree = SDKROOT; };
		F899D32A16CA40280058913E /* CoreGraphics.framework */ = {isa = PBXFileReference; lastKnownFileType = wrapper.framework; name = CoreGraphics.framework; path = System/Library/Frameworks/CoreGraphics.framework; sourceTree = SDKROOT; };
		F899D32E16CA40280058913E /* FmTestApp-Info.plist */ = {isa = PBXFileReference; lastKnownFileType = text.plist.xml; path = "FmTestApp-Info.plist"; sourceTree = "<group>"; };
		F899D33016CA40280058913E /* en */ = {isa = PBXFileReference; lastKnownFileType = text.plist.strings; name = en; path = en.lproj/InfoPlist.strings; sourceTree = "<group>"; };
		F899D33216CA40280058913E /* main.m */ = {isa = PBXFileReference; lastKnownFileType = sourcecode.c.objc; path = main.m; sourceTree = "<group>"; };
		F899D33416CA40280058913E /* FmTestApp-Prefix.pch */ = {isa = PBXFileReference; lastKnownFileType = sourcecode.c.h; path = "FmTestApp-Prefix.pch"; sourceTree = "<group>"; };
		F899D33516CA40280058913E /* AppDelegate.h */ = {isa = PBXFileReference; lastKnownFileType = sourcecode.c.h; path = AppDelegate.h; sourceTree = "<group>"; };
		F899D33616CA40280058913E /* AppDelegate.m */ = {isa = PBXFileReference; lastKnownFileType = sourcecode.c.objc; path = AppDelegate.m; sourceTree = "<group>"; };
		F899D34C16CA40570058913E /* AudioToolbox.framework */ = {isa = PBXFileReference; lastKnownFileType = wrapper.framework; name = AudioToolbox.framework; path = System/Library/Frameworks/AudioToolbox.framework; sourceTree = SDKROOT; };
		F899D34E16CA40710058913E /* CFNetwork.framework */ = {isa = PBXFileReference; lastKnownFileType = wrapper.framework; name = CFNetwork.framework; path = System/Library/Frameworks/CFNetwork.framework; sourceTree = SDKROOT; };
		F899D35B16CA4AFD0058913E /* Stop.png */ = {isa = PBXFileReference; lastKnownFileType = image.png; path = Stop.png; sourceTree = "<group>"; };
		F899D35C16CA4AFD0058913E /* Stop@2x.png */ = {isa = PBXFileReference; lastKnownFileType = image.png; path = "Stop@2x.png"; sourceTree = "<group>"; };
		F899D36316CA4FF70058913E /* MediaPlayer.framework */ = {isa = PBXFileReference; lastKnownFileType = wrapper.framework; name = MediaPlayer.framework; path = System/Library/Frameworks/MediaPlayer.framework; sourceTree = SDKROOT; };
		F899D36616CA53D50058913E /* FacebookViewController.h */ = {isa = PBXFileReference; fileEncoding = 4; lastKnownFileType = sourcecode.c.h; path = FacebookViewController.h; sourceTree = "<group>"; };
		F899D36716CA53D50058913E /* FacebookViewController.m */ = {isa = PBXFileReference; fileEncoding = 4; lastKnownFileType = sourcecode.c.objc; path = FacebookViewController.m; sourceTree = "<group>"; };
		F899D36816CA53D50058913E /* FacebookViewController.xib */ = {isa = PBXFileReference; fileEncoding = 4; lastKnownFileType = file.xib; path = FacebookViewController.xib; sourceTree = "<group>"; };
		F899D36D16CA5BB80058913E /* AVFoundation.framework */ = {isa = PBXFileReference; lastKnownFileType = wrapper.framework; name = AVFoundation.framework; path = System/Library/Frameworks/AVFoundation.framework; sourceTree = SDKROOT; };
		F899D36F16CA62530058913E /* CoreFoundation.framework */ = {isa = PBXFileReference; lastKnownFileType = wrapper.framework; name = CoreFoundation.framework; path = System/Library/Frameworks/CoreFoundation.framework; sourceTree = SDKROOT; };
		F899D37216CA655A0058913E /* CoreMedia.framework */ = {isa = PBXFileReference; lastKnownFileType = wrapper.framework; name = CoreMedia.framework; path = System/Library/Frameworks/CoreMedia.framework; sourceTree = SDKROOT; };
		F899D37C16CA6EFC0058913E /* ContactViewController.h */ = {isa = PBXFileReference; fileEncoding = 4; lastKnownFileType = sourcecode.c.h; path = ContactViewController.h; sourceTree = "<group>"; };
		F899D37D16CA6EFC0058913E /* ContactViewController.m */ = {isa = PBXFileReference; fileEncoding = 4; lastKnownFileType = sourcecode.c.objc; path = ContactViewController.m; sourceTree = "<group>"; };
		F899D37E16CA6EFC0058913E /* ContactViewController.xib */ = {isa = PBXFileReference; fileEncoding = 4; lastKnownFileType = file.xib; path = ContactViewController.xib; sourceTree = "<group>"; };
		F89B6D9E16DB417700B88241 /* Reachability.h */ = {isa = PBXFileReference; fileEncoding = 4; lastKnownFileType = sourcecode.c.h; path = Reachability.h; sourceTree = "<group>"; };
		F89B6D9F16DB417700B88241 /* Reachability.m */ = {isa = PBXFileReference; fileEncoding = 4; lastKnownFileType = sourcecode.c.objc; path = Reachability.m; sourceTree = "<group>"; };
		F89B6DA016DB417700B88241 /* ReachabilityAppDelegate.h */ = {isa = PBXFileReference; fileEncoding = 4; lastKnownFileType = sourcecode.c.h; path = ReachabilityAppDelegate.h; sourceTree = "<group>"; };
		F89B6DA116DB417700B88241 /* ReachabilityAppDelegate.m */ = {isa = PBXFileReference; fileEncoding = 4; lastKnownFileType = sourcecode.c.objc; path = ReachabilityAppDelegate.m; sourceTree = "<group>"; };
		F89B6DAD16DB42BC00B88241 /* SystemConfiguration.framework */ = {isa = PBXFileReference; lastKnownFileType = wrapper.framework; name = SystemConfiguration.framework; path = System/Library/Frameworks/SystemConfiguration.framework; sourceTree = SDKROOT; };
		F89DFDD716D3A08500C6FA04 /* Default-568h@2x.png */ = {isa = PBXFileReference; lastKnownFileType = image.png; path = "Default-568h@2x.png"; sourceTree = "<group>"; };
		F89DFDEC16D3BA6700C6FA04 /* ViewController.h */ = {isa = PBXFileReference; fileEncoding = 4; lastKnownFileType = sourcecode.c.h; path = ViewController.h; sourceTree = "<group>"; };
		F89DFDED16D3BA6700C6FA04 /* ViewController.m */ = {isa = PBXFileReference; fileEncoding = 4; lastKnownFileType = sourcecode.c.objc; path = ViewController.m; sourceTree = "<group>"; };
		F89DFDEE16D3BA6700C6FA04 /* ViewController.xib */ = {isa = PBXFileReference; fileEncoding = 4; lastKnownFileType = file.xib; path = ViewController.xib; sourceTree = "<group>"; };
		F89DFE3316D3D57D00C6FA04 /* button.png */ = {isa = PBXFileReference; lastKnownFileType = image.png; path = button.png; sourceTree = "<group>"; };
		F89DFE3416D3D57D00C6FA04 /* button@2x.png */ = {isa = PBXFileReference; lastKnownFileType = image.png; path = "button@2x.png"; sourceTree = "<group>"; };
		F8BC742816DF502500C6A75A /* Contacts-568h@2x.png */ = {isa = PBXFileReference; lastKnownFileType = image.png; path = "Contacts-568h@2x.png"; sourceTree = "<group>"; };
		F8BC742916DF502500C6A75A /* Contacts.png */ = {isa = PBXFileReference; lastKnownFileType = image.png; path = Contacts.png; sourceTree = "<group>"; };
		F8BC742A16DF502500C6A75A /* Contacts@2x.png */ = {isa = PBXFileReference; lastKnownFileType = image.png; path = "Contacts@2x.png"; sourceTree = "<group>"; };
		F8DC3D9816CD23A8009F72BE /* Default.png */ = {isa = PBXFileReference; lastKnownFileType = image.png; path = Default.png; sourceTree = "<group>"; };
		F8DC3D9916CD23A8009F72BE /* Default@2x.png */ = {isa = PBXFileReference; lastKnownFileType = image.png; path = "Default@2x.png"; sourceTree = "<group>"; };
		F8DC3D9C16CD25F4009F72BE /* Play.png */ = {isa = PBXFileReference; lastKnownFileType = image.png; path = Play.png; sourceTree = "<group>"; };
		F8DC3D9D16CD25F4009F72BE /* Play@2x.png */ = {isa = PBXFileReference; lastKnownFileType = image.png; path = "Play@2x.png"; sourceTree = "<group>"; };
/* End PBXFileReference section */

/* Begin PBXFrameworksBuildPhase section */
		F899D31F16CA40280058913E /* Frameworks */ = {
			isa = PBXFrameworksBuildPhase;
			buildActionMask = 2147483647;
			files = (
				F89B6DAE16DB42BC00B88241 /* SystemConfiguration.framework in Frameworks */,
				F899D37316CA655A0058913E /* CoreMedia.framework in Frameworks */,
				F899D37116CA64420058913E /* Foundation.framework in Frameworks */,
				F899D37016CA62530058913E /* CoreFoundation.framework in Frameworks */,
				F899D36E16CA5BB80058913E /* AVFoundation.framework in Frameworks */,
				F899D36416CA4FF70058913E /* MediaPlayer.framework in Frameworks */,
				F899D34F16CA40710058913E /* CFNetwork.framework in Frameworks */,
				F899D34D16CA40570058913E /* AudioToolbox.framework in Frameworks */,
				F899D32716CA40280058913E /* UIKit.framework in Frameworks */,
				F899D32B16CA40280058913E /* CoreGraphics.framework in Frameworks */,
			);
			runOnlyForDeploymentPostprocessing = 0;
		};
/* End PBXFrameworksBuildPhase section */

/* Begin PBXGroup section */
		F850A46C16D4AE7B00F05AD7 /* Reachability */ = {
			isa = PBXGroup;
			children = (
				F89B6D9E16DB417700B88241 /* Reachability.h */,
				F89B6D9F16DB417700B88241 /* Reachability.m */,
				F89B6DA016DB417700B88241 /* ReachabilityAppDelegate.h */,
				F89B6DA116DB417700B88241 /* ReachabilityAppDelegate.m */,
			);
			name = Reachability;
			sourceTree = "<group>";
		};
		F850A47416D4D10000F05AD7 /* Loader */ = {
			isa = PBXGroup;
			children = (
				F850A47516D4D11A00F05AD7 /* Loader.h */,
				F850A47616D4D11A00F05AD7 /* Loader.m */,
				F850A47716D4D11A00F05AD7 /* Loader.xib */,
			);
			name = Loader;
			sourceTree = "<group>";
		};
		F899D31716CA40280058913E = {
			isa = PBXGroup;
			children = (
				F850A47416D4D10000F05AD7 /* Loader */,
				F850A46C16D4AE7B00F05AD7 /* Reachability */,
				F89DFDEB16D3B9D100C6FA04 /* RootController */,
				F899D37B16CA6EE10058913E /* ContactLink */,
				F899D36516CA53B30058913E /* FacebookLink */,
				F899D32C16CA40280058913E /* FmTestApp */,
				F899D32516CA40280058913E /* Frameworks */,
				F899D32316CA40280058913E /* Products */,
			);
			sourceTree = "<group>";
		};
		F899D32316CA40280058913E /* Products */ = {
			isa = PBXGroup;
			children = (
				F899D32216CA40280058913E /* fmApp.app */,
			);
			name = Products;
			sourceTree = "<group>";
		};
		F899D32516CA40280058913E /* Frameworks */ = {
			isa = PBXGroup;
			children = (
				F89B6DAD16DB42BC00B88241 /* SystemConfiguration.framework */,
				F899D37216CA655A0058913E /* CoreMedia.framework */,
				F899D36F16CA62530058913E /* CoreFoundation.framework */,
				F899D36D16CA5BB80058913E /* AVFoundation.framework */,
				F899D36316CA4FF70058913E /* MediaPlayer.framework */,
				F899D34E16CA40710058913E /* CFNetwork.framework */,
				F899D34C16CA40570058913E /* AudioToolbox.framework */,
				F899D32616CA40280058913E /* UIKit.framework */,
				F899D32816CA40280058913E /* Foundation.framework */,
				F899D32A16CA40280058913E /* CoreGraphics.framework */,
			);
			name = Frameworks;
			sourceTree = "<group>";
		};
		F899D32C16CA40280058913E /* FmTestApp */ = {
			isa = PBXGroup;
			children = (
				F899D33516CA40280058913E /* AppDelegate.h */,
				F899D33616CA40280058913E /* AppDelegate.m */,
				F899D32D16CA40280058913E /* Supporting Files */,
			);
			path = FmTestApp;
			sourceTree = "<group>";
		};
		F899D32D16CA40280058913E /* Supporting Files */ = {
			isa = PBXGroup;
			children = (
				F89DFDD716D3A08500C6FA04 /* Default-568h@2x.png */,
				F8DC3D9816CD23A8009F72BE /* Default.png */,
				F8DC3D9916CD23A8009F72BE /* Default@2x.png */,
				F899D35616CA4A500058913E /* Images */,
				F899D32E16CA40280058913E /* FmTestApp-Info.plist */,
				F899D32F16CA40280058913E /* InfoPlist.strings */,
				F899D33216CA40280058913E /* main.m */,
				F899D33416CA40280058913E /* FmTestApp-Prefix.pch */,
			);
			name = "Supporting Files";
			sourceTree = "<group>";
		};
		F899D35616CA4A500058913E /* Images */ = {
			isa = PBXGroup;
			children = (
				F8BC742816DF502500C6A75A /* Contacts-568h@2x.png */,
				F8BC742916DF502500C6A75A /* Contacts.png */,
				F8BC742A16DF502500C6A75A /* Contacts@2x.png */,
				F8196A3A16DE1ED400FBCCDC /* appicon@2x.png */,
				F8196A3816DE1ECD00FBCCDC /* appicon.png */,
				F89DFE3316D3D57D00C6FA04 /* button.png */,
				F89DFE3416D3D57D00C6FA04 /* button@2x.png */,
				F8DC3D9C16CD25F4009F72BE /* Play.png */,
				F8DC3D9D16CD25F4009F72BE /* Play@2x.png */,
				F899D35B16CA4AFD0058913E /* Stop.png */,
				F899D35C16CA4AFD0058913E /* Stop@2x.png */,
			);
			name = Images;
			sourceTree = "<group>";
		};
		F899D36516CA53B30058913E /* FacebookLink */ = {
			isa = PBXGroup;
			children = (
				F899D36616CA53D50058913E /* FacebookViewController.h */,
				F899D36716CA53D50058913E /* FacebookViewController.m */,
				F899D36816CA53D50058913E /* FacebookViewController.xib */,
			);
			name = FacebookLink;
			sourceTree = "<group>";
		};
		F899D37B16CA6EE10058913E /* ContactLink */ = {
			isa = PBXGroup;
			children = (
				F899D37C16CA6EFC0058913E /* ContactViewController.h */,
				F899D37D16CA6EFC0058913E /* ContactViewController.m */,
				F899D37E16CA6EFC0058913E /* ContactViewController.xib */,
			);
			name = ContactLink;
			sourceTree = "<group>";
		};
		F89DFDEB16D3B9D100C6FA04 /* RootController */ = {
			isa = PBXGroup;
			children = (
				F89DFDEC16D3BA6700C6FA04 /* ViewController.h */,
				F89DFDED16D3BA6700C6FA04 /* ViewController.m */,
				F89DFDEE16D3BA6700C6FA04 /* ViewController.xib */,
			);
			name = RootController;
			sourceTree = "<group>";
		};
/* End PBXGroup section */

/* Begin PBXNativeTarget section */
		F899D32116CA40280058913E /* FmTestApp */ = {
			isa = PBXNativeTarget;
			buildConfigurationList = F899D34616CA40280058913E /* Build configuration list for PBXNativeTarget "FmTestApp" */;
			buildPhases = (
				F899D31E16CA40280058913E /* Sources */,
				F899D31F16CA40280058913E /* Frameworks */,
				F899D32016CA40280058913E /* Resources */,
			);
			buildRules = (
			);
			dependencies = (
			);
			name = FmTestApp;
			productName = FmTestApp;
			productReference = F899D32216CA40280058913E /* fmApp.app */;
			productType = "com.apple.product-type.application";
		};
/* End PBXNativeTarget section */

/* Begin PBXProject section */
		F899D31916CA40280058913E /* Project object */ = {
			isa = PBXProject;
			attributes = {
				LastUpgradeCheck = 0450;
				ORGANIZATIONNAME = coeus;
			};
			buildConfigurationList = F899D31C16CA40280058913E /* Build configuration list for PBXProject "FmTestApp" */;
			compatibilityVersion = "Xcode 3.2";
			developmentRegion = English;
			hasScannedForEncodings = 0;
			knownRegions = (
				en,
			);
			mainGroup = F899D31716CA40280058913E;
			productRefGroup = F899D32316CA40280058913E /* Products */;
			projectDirPath = "";
			projectRoot = "";
			targets = (
				F899D32116CA40280058913E /* FmTestApp */,
			);
		};
/* End PBXProject section */

/* Begin PBXResourcesBuildPhase section */
		F899D32016CA40280058913E /* Resources */ = {
			isa = PBXResourcesBuildPhase;
			buildActionMask = 2147483647;
			files = (
				F899D33116CA40280058913E /* InfoPlist.strings in Resources */,
				F899D36116CA4AFD0058913E /* Stop.png in Resources */,
				F899D36216CA4AFD0058913E /* Stop@2x.png in Resources */,
				F899D36A16CA53D50058913E /* FacebookViewController.xib in Resources */,
				F899D38016CA6EFC0058913E /* ContactViewController.xib in Resources */,
				F8DC3D9A16CD23A8009F72BE /* Default.png in Resources */,
				F8DC3D9B16CD23A8009F72BE /* Default@2x.png in Resources */,
				F8DC3D9E16CD25F4009F72BE /* Play.png in Resources */,
				F8DC3D9F16CD25F4009F72BE /* Play@2x.png in Resources */,
				F89DFDD816D3A08500C6FA04 /* Default-568h@2x.png in Resources */,
				F89DFDF016D3BA6700C6FA04 /* ViewController.xib in Resources */,
				F89DFE3516D3D57D00C6FA04 /* button.png in Resources */,
				F89DFE3616D3D57D00C6FA04 /* button@2x.png in Resources */,
				F850A47916D4D11A00F05AD7 /* Loader.xib in Resources */,
				F8196A3916DE1ECD00FBCCDC /* appicon.png in Resources */,
				F8196A3B16DE1ED400FBCCDC /* appicon@2x.png in Resources */,
				F8BC742B16DF502500C6A75A /* Contacts-568h@2x.png in Resources */,
				F8BC742C16DF502500C6A75A /* Contacts.png in Resources */,
				F8BC742D16DF502500C6A75A /* Contacts@2x.png in Resources */,
			);
			runOnlyForDeploymentPostprocessing = 0;
		};
/* End PBXResourcesBuildPhase section */

/* Begin PBXSourcesBuildPhase section */
		F899D31E16CA40280058913E /* Sources */ = {
			isa = PBXSourcesBuildPhase;
			buildActionMask = 2147483647;
			files = (
				F899D33316CA40280058913E /* main.m in Sources */,
				F899D33716CA40280058913E /* AppDelegate.m in Sources */,
				F899D36916CA53D50058913E /* FacebookViewController.m in Sources */,
				F899D37F16CA6EFC0058913E /* ContactViewController.m in Sources */,
				F89DFDEF16D3BA6700C6FA04 /* ViewController.m in Sources */,
				F850A47816D4D11A00F05AD7 /* Loader.m in Sources */,
				F89B6DA216DB417700B88241 /* Reachability.m in Sources */,
				F89B6DA316DB417700B88241 /* ReachabilityAppDelegate.m in Sources */,
			);
			runOnlyForDeploymentPostprocessing = 0;
		};
/* End PBXSourcesBuildPhase section */

/* Begin PBXVariantGroup section */
		F899D32F16CA40280058913E /* InfoPlist.strings */ = {
			isa = PBXVariantGroup;
			children = (
				F899D33016CA40280058913E /* en */,
			);
			name = InfoPlist.strings;
			sourceTree = "<group>";
		};
/* End PBXVariantGroup section */

/* Begin XCBuildConfiguration section */
		F899D34416CA40280058913E /* Debug */ = {
			isa = XCBuildConfiguration;
			buildSettings = {
				ALWAYS_SEARCH_USER_PATHS = NO;
				CLANG_CXX_LANGUAGE_STANDARD = "gnu++0x";
				CLANG_CXX_LIBRARY = "libc++";
				CLANG_WARN_EMPTY_BODY = YES;
				CLANG_WARN__DUPLICATE_METHOD_MATCH = YES;
				CODE_SIGN_IDENTITY = "iPhone Developer: Sanu Paramsothy (3G246MNRJL)";
				"CODE_SIGN_IDENTITY[sdk=iphoneos*]" = "iPhone Developer";
				COPY_PHASE_STRIP = NO;
				GCC_C_LANGUAGE_STANDARD = gnu99;
				GCC_DYNAMIC_NO_PIC = NO;
				GCC_OPTIMIZATION_LEVEL = 0;
				GCC_PREPROCESSOR_DEFINITIONS = (
					"DEBUG=1",
					"$(inherited)",
				);
				GCC_SYMBOLS_PRIVATE_EXTERN = NO;
				GCC_WARN_ABOUT_RETURN_TYPE = YES;
				GCC_WARN_UNINITIALIZED_AUTOS = YES;
				GCC_WARN_UNUSED_VARIABLE = YES;
				IPHONEOS_DEPLOYMENT_TARGET = 5.1;
				ONLY_ACTIVE_ARCH = YES;
				PROVISIONING_PROFILE = "D1A045BA-3D29-499B-BC87-787FBC53E3A8";
				SDKROOT = iphoneos;
			};
			name = Debug;
		};
		F899D34516CA40280058913E /* Release */ = {
			isa = XCBuildConfiguration;
			buildSettings = {
				ALWAYS_SEARCH_USER_PATHS = NO;
				CLANG_CXX_LANGUAGE_STANDARD = "gnu++0x";
				CLANG_CXX_LIBRARY = "libc++";
				CLANG_WARN_EMPTY_BODY = YES;
				CLANG_WARN__DUPLICATE_METHOD_MATCH = YES;
				CODE_SIGN_IDENTITY = "iPhone Developer: Sanu Paramsothy (3G246MNRJL)";
				"CODE_SIGN_IDENTITY[sdk=iphoneos*]" = "iPhone Developer";
				COPY_PHASE_STRIP = YES;
				GCC_C_LANGUAGE_STANDARD = gnu99;
				GCC_WARN_ABOUT_RETURN_TYPE = YES;
				GCC_WARN_UNINITIALIZED_AUTOS = YES;
				GCC_WARN_UNUSED_VARIABLE = YES;
				IPHONEOS_DEPLOYMENT_TARGET = 5.1;
				OTHER_CFLAGS = "-DNS_BLOCK_ASSERTIONS=1";
				PROVISIONING_PROFILE = "D1A045BA-3D29-499B-BC87-787FBC53E3A8";
				SDKROOT = iphoneos;
				VALIDATE_PRODUCT = YES;
			};
			name = Release;
		};
		F899D34716CA40280058913E /* Debug */ = {
			isa = XCBuildConfiguration;
			buildSettings = {
				CLANG_ENABLE_OBJC_ARC = YES;
				CODE_SIGN_IDENTITY = "iPhone Developer: Sanu Paramsothy (3G246MNRJL)";
				GCC_PRECOMPILE_PREFIX_HEADER = YES;
				GCC_PREFIX_HEADER = "FmTestApp/FmTestApp-Prefix.pch";
				INFOPLIST_FILE = "FmTestApp/FmTestApp-Info.plist";
				PRODUCT_NAME = fmApp;
				PROVISIONING_PROFILE = "D1A045BA-3D29-499B-BC87-787FBC53E3A8";
				WRAPPER_EXTENSION = app;
			};
			name = Debug;
		};
		F899D34816CA40280058913E /* Release */ = {
			isa = XCBuildConfiguration;
			buildSettings = {
				CLANG_ENABLE_OBJC_ARC = YES;
				CODE_SIGN_IDENTITY = "iPhone Developer: Sanu Paramsothy (3G246MNRJL)";
				GCC_PRECOMPILE_PREFIX_HEADER = YES;
				GCC_PREFIX_HEADER = "FmTestApp/FmTestApp-Prefix.pch";
				INFOPLIST_FILE = "FmTestApp/FmTestApp-Info.plist";
				PRODUCT_NAME = fmApp;
				PROVISIONING_PROFILE = "D1A045BA-3D29-499B-BC87-787FBC53E3A8";
				WRAPPER_EXTENSION = app;
			};
			name = Release;
		};
/* End XCBuildConfiguration section */

/* Begin XCConfigurationList section */
		F899D31C16CA40280058913E /* Build configuration list for PBXProject "FmTestApp" */ = {
			isa = XCConfigurationList;
			buildConfigurations = (
				F899D34416CA40280058913E /* Debug */,
				F899D34516CA40280058913E /* Release */,
			);
			defaultConfigurationIsVisible = 0;
			defaultConfigurationName = Release;
		};
		F899D34616CA40280058913E /* Build configuration list for PBXNativeTarget "FmTestApp" */ = {
			isa = XCConfigurationList;
			buildConfigurations = (
				F899D34716CA40280058913E /* Debug */,
				F899D34816CA40280058913E /* Release */,
			);
			defaultConfigurationIsVisible = 0;
			defaultConfigurationName = Release;
		};
/* End XCConfigurationList section */
	};
	rootObject = F899D31916CA40280058913E /* Project object */;
}
